{
  "name": "oxygen-standard-assets",
  "version": "1.0.15",
  "lockfileVersion": 1,
  "requires": true,
  "dependencies": {
    "oxygen-deferred-default-shader-assets": {
      "version": "1.0.12",
      "resolved": "https://registry.npmjs.org/oxygen-deferred-default-shader-assets/-/oxygen-deferred-default-shader-assets-1.0.12.tgz",
      "integrity": "sha512-kQZVrSAVTgjf2eVzBb+zKkNRu0i49j5lveh94VbaftQcmnzNL+hgBi1uBy+U7BWIMhNd8a5HmVgj0Gw7aYArAQ=="
    },
    "oxygen-deferred-pbr-shader-assets": {
      "version": "1.0.7",
      "resolved": "https://registry.npmjs.org/oxygen-deferred-pbr-shader-assets/-/oxygen-deferred-pbr-shader-assets-1.0.7.tgz",
      "integrity": "sha512-j5oq0D8w5MgT4HWZyPOBSO+Acv4xZodaZPOXJGBuGVkGEHlaztyLi6XrAVL0muRqX7PjdzNcWFblit/Q+9qqwA=="
    },
    "oxygen-deferred-simple-shader-assets": {
      "version": "1.0.7",
      "resolved": "https://registry.npmjs.org/oxygen-deferred-simple-shader-assets/-/oxygen-deferred-simple-shader-assets-1.0.7.tgz",
      "integrity": "sha512-EhoaAozeM4erroiFMXr//YESiV/dEjBmAznLlDAIrJdSbEkg44T4lpYhMPsaxm6mvLFZ5cwlUGzhht6TnxzXaw=="
    },
    "oxygen-postprocess-bloom-blur-shader-assets": {
      "version": "1.0.3",
      "resolved": "https://registry.npmjs.org/oxygen-postprocess-bloom-blur-shader-assets/-/oxygen-postprocess-bloom-blur-shader-assets-1.0.3.tgz",
      "integrity": "sha512-2Kw+qjm+qLj6duloGctaz4JhYq0toF+3kLa91ldmZGpZdQR7Fm4mXfAy4SxFklagKyHoxeq5H0aTxp4mfv8+9A=="
    }
  }
}
