{
  "name": "oxygen-standard-assets",
  "version": "1.0.14",
  "lockfileVersion": 1,
  "requires": true,
  "dependencies": {
    "oxygen-deferred-default-shader-assets": {
      "version": "1.0.11",
      "resolved": "https://registry.npmjs.org/oxygen-deferred-default-shader-assets/-/oxygen-deferred-default-shader-assets-1.0.11.tgz",
      "integrity": "sha512-/Lz9H39AHeKw0eb7hAACt6RPAy55ARIjeKLc5WYL1JQ3xb6iY2+dGkLBUdVC5QmGmzRfXfmEtI68H1j3908vnQ=="
    },
    "oxygen-deferred-pbr-shader-assets": {
      "version": "1.0.5",
      "resolved": "https://registry.npmjs.org/oxygen-deferred-pbr-shader-assets/-/oxygen-deferred-pbr-shader-assets-1.0.5.tgz",
      "integrity": "sha512-kCbTP0Mck19XbiBR8VOrLwsXYb6uIU9H3KIAnrUBbxlMNtATgyWKnL47GvVJl/fJ3EBjdzyfigy4pDSG5twPbQ=="
    },
    "oxygen-deferred-simple-shader-assets": {
      "version": "1.0.6",
      "resolved": "https://registry.npmjs.org/oxygen-deferred-simple-shader-assets/-/oxygen-deferred-simple-shader-assets-1.0.6.tgz",
      "integrity": "sha512-TPmWWRdA5XjDN+nyMiRHJndIClk/hFsYC1q6Hl7Voi7C1JBt3IsOlkboJJx4q9c1MKrC3eSivClj4dOOBfStWQ=="
    },
    "oxygen-postprocess-bloom-blur-shader-assets": {
      "version": "1.0.2",
      "resolved": "https://registry.npmjs.org/oxygen-postprocess-bloom-blur-shader-assets/-/oxygen-postprocess-bloom-blur-shader-assets-1.0.2.tgz",
      "integrity": "sha512-5Fyzp+deaXXQFpETChl/2EsJ4U/QVz0Y7Qj8N9fRAW0ALkeadS5DcwH/CXEdqksdr9mVrYyCZfzSlpKY4Lkryg=="
    }
  }
}
