{
  "name": "oxygen-standard-assets",
  "version": "1.0.3",
  "lockfileVersion": 1,
  "requires": true,
  "dependencies": {
    "oxygen-deferred-default-shader-assets": {
      "version": "1.0.2",
      "resolved": "https://registry.npmjs.org/oxygen-deferred-default-shader-assets/-/oxygen-deferred-default-shader-assets-1.0.2.tgz",
      "integrity": "sha512-8kLoQ9IZcbuxpHmSXUl08tErxoq2EFGKrl041fWBcJZN/jfTBraMfcNn+J1QQDVnExopBPvLWDWvRME9ivpdiw=="
    }
  }
}
